
Microsoft Visual Studio Solution File, Format Version 12.00
# Visual Studio 2012
Project("{FAE04EC0-301F-11D3-BF4B-00C04F79EFBC}") = "DEG.Twitter", "DEG.Twitter\DEG.Twitter.csproj", "{986FEB2B-D5BC-4639-BFAE-2ECC2A29F5EB}"
EndProject
Project("{2150E333-8FDC-42A3-9474-1A3956D46DE8}") = "Tests", "Tests", "{42306E23-FE83-4CA8-A60D-98CCE956E180}"
EndProject
Project("{FAE04EC0-301F-11D3-BF4B-00C04F79EFBC}") = "DEG.Twitter.Tests", "Tests\DEG.Twitter.Tests\DEG.Twitter.Tests.csproj", "{40E8479E-CC16-4B54-A3C6-94CB37371D17}"
EndProject
Project("{2150E333-8FDC-42A3-9474-1A3956D46DE8}") = "Examples", "Examples", "{8F9F256B-D062-4021-830F-48B0DA7F992D}"
EndProject
Project("{FAE04EC0-301F-11D3-BF4B-00C04F79EFBC}") = "DEG.Twitter.ConsoleAppExample", "Examples\DEG.Twitter.ConsoleAppExample\DEG.Twitter.ConsoleAppExample.csproj", "{36DC273F-656B-4DFB-94B7-F20E59E2FDCD}"
EndProject
Project("{2150E333-8FDC-42A3-9474-1A3956D46DE8}") = ".nuget", ".nuget", "{ED14DBA2-E10A-4173-B206-D720F263D2B6}"
	ProjectSection(SolutionItems) = preProject
		.nuget\NuGet.Config = .nuget\NuGet.Config
		.nuget\NuGet.exe = .nuget\NuGet.exe
		.nuget\NuGet.targets = .nuget\NuGet.targets
	EndProjectSection
EndProject
Project("{FAE04EC0-301F-11D3-BF4B-00C04F79EFBC}") = "DEG.ServiceCore", "DEG.ServiceCore\DEG.ServiceCore.csproj", "{8374B5BF-9FCA-4069-9829-1135E3378702}"
EndProject
Project("{FAE04EC0-301F-11D3-BF4B-00C04F79EFBC}") = "DEG.ServiceCore.Tests", "Tests\DEG.ServiceCore.Tests\DEG.ServiceCore.Tests.csproj", "{F1DCC3AF-58DA-411E-854A-E575A82739A4}"
EndProject
Project("{FAE04EC0-301F-11D3-BF4B-00C04F79EFBC}") = "DEG.GoogleMaps", "DEG.GoogleMaps\DEG.GoogleMaps.csproj", "{C2E073A1-E0E1-4C5B-B831-8DA79FE90E2C}"
EndProject
Project("{FAE04EC0-301F-11D3-BF4B-00C04F79EFBC}") = "DEG.GoogleMaps.Tests", "Tests\DEG.GoogleMaps.Tests\DEG.GoogleMaps.Tests.csproj", "{3D0DA6BA-0AB2-421C-9FB7-7BF093DDF50C}"
EndProject
Project("{FAE04EC0-301F-11D3-BF4B-00C04F79EFBC}") = "DEG.YouTube", "DEG.YouTube\DEG.YouTube.csproj", "{6345FE71-F686-4E16-B8CA-83D0EEDA2894}"
EndProject
Project("{FAE04EC0-301F-11D3-BF4B-00C04F79EFBC}") = "DEG.YouTube.Tests", "Tests\DEG.YouTube.Tests\DEG.YouTube.Tests.csproj", "{6E81878C-D745-488C-98C7-CB35548C9080}"
EndProject
Project("{FAE04EC0-301F-11D3-BF4B-00C04F79EFBC}") = "DEG.Google", "DEG.Google\DEG.Google.csproj", "{15691568-5B88-4657-A541-4DFBAC64EF48}"
EndProject
Project("{FAE04EC0-301F-11D3-BF4B-00C04F79EFBC}") = "DEG.Vimeo", "DEG.Vimeo\DEG.Vimeo.csproj", "{5A717316-B5D8-4089-9F48-508E4F1B7731}"
EndProject
Project("{FAE04EC0-301F-11D3-BF4B-00C04F79EFBC}") = "DEG.Vimeo.Tests", "Tests\DEG.Vimeo.Tests\DEG.Vimeo.Tests.csproj", "{CD830595-B7DC-4616-BEA4-0EF2234BE68F}"
EndProject
Global
	GlobalSection(SolutionConfigurationPlatforms) = preSolution
		Debug|Any CPU = Debug|Any CPU
		Release|Any CPU = Release|Any CPU
	EndGlobalSection
	GlobalSection(ProjectConfigurationPlatforms) = postSolution
		{986FEB2B-D5BC-4639-BFAE-2ECC2A29F5EB}.Debug|Any CPU.ActiveCfg = Debug|Any CPU
		{986FEB2B-D5BC-4639-BFAE-2ECC2A29F5EB}.Debug|Any CPU.Build.0 = Debug|Any CPU
		{986FEB2B-D5BC-4639-BFAE-2ECC2A29F5EB}.Release|Any CPU.ActiveCfg = Release|Any CPU
		{986FEB2B-D5BC-4639-BFAE-2ECC2A29F5EB}.Release|Any CPU.Build.0 = Release|Any CPU
		{40E8479E-CC16-4B54-A3C6-94CB37371D17}.Debug|Any CPU.ActiveCfg = Debug|Any CPU
		{40E8479E-CC16-4B54-A3C6-94CB37371D17}.Debug|Any CPU.Build.0 = Debug|Any CPU
		{40E8479E-CC16-4B54-A3C6-94CB37371D17}.Release|Any CPU.ActiveCfg = Release|Any CPU
		{40E8479E-CC16-4B54-A3C6-94CB37371D17}.Release|Any CPU.Build.0 = Release|Any CPU
		{36DC273F-656B-4DFB-94B7-F20E59E2FDCD}.Debug|Any CPU.ActiveCfg = Debug|Any CPU
		{36DC273F-656B-4DFB-94B7-F20E59E2FDCD}.Debug|Any CPU.Build.0 = Debug|Any CPU
		{36DC273F-656B-4DFB-94B7-F20E59E2FDCD}.Release|Any CPU.ActiveCfg = Release|Any CPU
		{36DC273F-656B-4DFB-94B7-F20E59E2FDCD}.Release|Any CPU.Build.0 = Release|Any CPU
		{8374B5BF-9FCA-4069-9829-1135E3378702}.Debug|Any CPU.ActiveCfg = Debug|Any CPU
		{8374B5BF-9FCA-4069-9829-1135E3378702}.Debug|Any CPU.Build.0 = Debug|Any CPU
		{8374B5BF-9FCA-4069-9829-1135E3378702}.Release|Any CPU.ActiveCfg = Release|Any CPU
		{8374B5BF-9FCA-4069-9829-1135E3378702}.Release|Any CPU.Build.0 = Release|Any CPU
		{F1DCC3AF-58DA-411E-854A-E575A82739A4}.Debug|Any CPU.ActiveCfg = Debug|Any CPU
		{F1DCC3AF-58DA-411E-854A-E575A82739A4}.Debug|Any CPU.Build.0 = Debug|Any CPU
		{F1DCC3AF-58DA-411E-854A-E575A82739A4}.Release|Any CPU.ActiveCfg = Release|Any CPU
		{F1DCC3AF-58DA-411E-854A-E575A82739A4}.Release|Any CPU.Build.0 = Release|Any CPU
		{C2E073A1-E0E1-4C5B-B831-8DA79FE90E2C}.Debug|Any CPU.ActiveCfg = Debug|Any CPU
		{C2E073A1-E0E1-4C5B-B831-8DA79FE90E2C}.Debug|Any CPU.Build.0 = Debug|Any CPU
		{C2E073A1-E0E1-4C5B-B831-8DA79FE90E2C}.Release|Any CPU.ActiveCfg = Release|Any CPU
		{C2E073A1-E0E1-4C5B-B831-8DA79FE90E2C}.Release|Any CPU.Build.0 = Release|Any CPU
		{3D0DA6BA-0AB2-421C-9FB7-7BF093DDF50C}.Debug|Any CPU.ActiveCfg = Debug|Any CPU
		{3D0DA6BA-0AB2-421C-9FB7-7BF093DDF50C}.Debug|Any CPU.Build.0 = Debug|Any CPU
		{3D0DA6BA-0AB2-421C-9FB7-7BF093DDF50C}.Release|Any CPU.ActiveCfg = Release|Any CPU
		{3D0DA6BA-0AB2-421C-9FB7-7BF093DDF50C}.Release|Any CPU.Build.0 = Release|Any CPU
		{6345FE71-F686-4E16-B8CA-83D0EEDA2894}.Debug|Any CPU.ActiveCfg = Debug|Any CPU
		{6345FE71-F686-4E16-B8CA-83D0EEDA2894}.Debug|Any CPU.Build.0 = Debug|Any CPU
		{6345FE71-F686-4E16-B8CA-83D0EEDA2894}.Release|Any CPU.ActiveCfg = Release|Any CPU
		{6345FE71-F686-4E16-B8CA-83D0EEDA2894}.Release|Any CPU.Build.0 = Release|Any CPU
		{6E81878C-D745-488C-98C7-CB35548C9080}.Debug|Any CPU.ActiveCfg = Debug|Any CPU
		{6E81878C-D745-488C-98C7-CB35548C9080}.Debug|Any CPU.Build.0 = Debug|Any CPU
		{6E81878C-D745-488C-98C7-CB35548C9080}.Release|Any CPU.ActiveCfg = Release|Any CPU
		{6E81878C-D745-488C-98C7-CB35548C9080}.Release|Any CPU.Build.0 = Release|Any CPU
		{15691568-5B88-4657-A541-4DFBAC64EF48}.Debug|Any CPU.ActiveCfg = Debug|Any CPU
		{15691568-5B88-4657-A541-4DFBAC64EF48}.Debug|Any CPU.Build.0 = Debug|Any CPU
		{15691568-5B88-4657-A541-4DFBAC64EF48}.Release|Any CPU.ActiveCfg = Release|Any CPU
		{15691568-5B88-4657-A541-4DFBAC64EF48}.Release|Any CPU.Build.0 = Release|Any CPU
		{5A717316-B5D8-4089-9F48-508E4F1B7731}.Debug|Any CPU.ActiveCfg = Debug|Any CPU
		{5A717316-B5D8-4089-9F48-508E4F1B7731}.Debug|Any CPU.Build.0 = Debug|Any CPU
		{5A717316-B5D8-4089-9F48-508E4F1B7731}.Release|Any CPU.ActiveCfg = Release|Any CPU
		{5A717316-B5D8-4089-9F48-508E4F1B7731}.Release|Any CPU.Build.0 = Release|Any CPU
		{CD830595-B7DC-4616-BEA4-0EF2234BE68F}.Debug|Any CPU.ActiveCfg = Debug|Any CPU
		{CD830595-B7DC-4616-BEA4-0EF2234BE68F}.Debug|Any CPU.Build.0 = Debug|Any CPU
		{CD830595-B7DC-4616-BEA4-0EF2234BE68F}.Release|Any CPU.ActiveCfg = Release|Any CPU
		{CD830595-B7DC-4616-BEA4-0EF2234BE68F}.Release|Any CPU.Build.0 = Release|Any CPU
	EndGlobalSection
	GlobalSection(SolutionProperties) = preSolution
		HideSolutionNode = FALSE
	EndGlobalSection
	GlobalSection(NestedProjects) = preSolution
		{40E8479E-CC16-4B54-A3C6-94CB37371D17} = {42306E23-FE83-4CA8-A60D-98CCE956E180}
		{F1DCC3AF-58DA-411E-854A-E575A82739A4} = {42306E23-FE83-4CA8-A60D-98CCE956E180}
		{3D0DA6BA-0AB2-421C-9FB7-7BF093DDF50C} = {42306E23-FE83-4CA8-A60D-98CCE956E180}
		{6E81878C-D745-488C-98C7-CB35548C9080} = {42306E23-FE83-4CA8-A60D-98CCE956E180}
		{CD830595-B7DC-4616-BEA4-0EF2234BE68F} = {42306E23-FE83-4CA8-A60D-98CCE956E180}
		{36DC273F-656B-4DFB-94B7-F20E59E2FDCD} = {8F9F256B-D062-4021-830F-48B0DA7F992D}
	EndGlobalSection
EndGlobal
